
Microsoft Visual Studio Solution File, Format Version 12.00
# Visual Studio Version 17
VisualStudioVersion = 17.9.34310.174
MinimumVisualStudioVersion = 10.0.40219.1
Project("{9A19103F-16F7-4668-BE54-9A1E7A4F7556}") = "SmarthomeNotifier", "SmarthomeNotifier\SmarthomeNotifier.csproj", "{180585AE-5A0B-4C6E-908E-AC859D88F01C}"
EndProject
Project("{FAE04EC0-301F-11D3-BF4B-00C04F79EFBC}") = "MqttToTelegram", "MqttToTelegram\MqttToTelegram.csproj", "{EA415169-72C8-4782-AB7E-0CF392F108B1}"
EndProject
Global
	GlobalSection(SolutionConfigurationPlatforms) = preSolution
		Debug|Any CPU = Debug|Any CPU
		Release|Any CPU = Release|Any CPU
	EndGlobalSection
	GlobalSection(ProjectConfigurationPlatforms) = postSolution
		{180585AE-5A0B-4C6E-908E-AC859D88F01C}.Debug|Any CPU.ActiveCfg = Debug|Any CPU
		{180585AE-5A0B-4C6E-908E-AC859D88F01C}.Debug|Any CPU.Build.0 = Debug|Any CPU
		{180585AE-5A0B-4C6E-908E-AC859D88F01C}.Release|Any CPU.ActiveCfg = Release|Any CPU
		{180585AE-5A0B-4C6E-908E-AC859D88F01C}.Release|Any CPU.Build.0 = Release|Any CPU
		{EA415169-72C8-4782-AB7E-0CF392F108B1}.Debug|Any CPU.ActiveCfg = Debug|Any CPU
		{EA415169-72C8-4782-AB7E-0CF392F108B1}.Debug|Any CPU.Build.0 = Debug|Any CPU
		{EA415169-72C8-4782-AB7E-0CF392F108B1}.Release|Any CPU.ActiveCfg = Release|Any CPU
		{EA415169-72C8-4782-AB7E-0CF392F108B1}.Release|Any CPU.Build.0 = Release|Any CPU
	EndGlobalSection
	GlobalSection(SolutionProperties) = preSolution
		HideSolutionNode = FALSE
	EndGlobalSection
	GlobalSection(ExtensibilityGlobals) = postSolution
		SolutionGuid = {2EB05BD3-B93C-410A-B6D4-C195985E7B9A}
	EndGlobalSection
EndGlobal
